
Microsoft Visual Studio Solution File, Format Version 12.00
# Visual Studio Version 16
VisualStudioVersion = 16.0.29209.62
MinimumVisualStudioVersion = 10.0.40219.1
Project("{9A19103F-16F7-4668-BE54-9A1E7A4F7556}") = "BlitzSniffer", "BlitzSniffer\BlitzSniffer.csproj", "{B1300428-4A76-4DCB-AB96-64B1E6F97AEE}"
EndProject
Project("{9A19103F-16F7-4668-BE54-9A1E7A4F7556}") = "NintendoNetcode", "NintendoNetcode\NintendoNetcode.csproj", "{152CFA9B-F4B9-4368-BD53-D9F44DBB7223}"
EndProject
Project("{9A19103F-16F7-4668-BE54-9A1E7A4F7556}") = "PcapDecryptor", "PcapDecryptor\PcapDecryptor.csproj", "{3B1F76E7-012A-42D9-B555-0168F296BF7B}"
EndProject
Project("{9A19103F-16F7-4668-BE54-9A1E7A4F7556}") = "BlitzCommon", "BlitzCommon\BlitzCommon.csproj", "{6184B73A-CB68-4A1C-8466-4E53F6CDE40C}"
EndProject
Project("{9A19103F-16F7-4668-BE54-9A1E7A4F7556}") = "LocalizationExporter", "LocalizationExporter\LocalizationExporter.csproj", "{793B4834-5B10-4F31-9AC6-068EE7A09A45}"
EndProject
Project("{FAE04EC0-301F-11D3-BF4B-00C04F79EFBC}") = "SnifferResourceEncryptor", "SnifferResourceEncryptor\SnifferResourceEncryptor.csproj", "{FAAF7581-BAE9-4F2F-A6BF-C7308E193C92}"
EndProject
Global
	GlobalSection(SolutionConfigurationPlatforms) = preSolution
		Debug|Any CPU = Debug|Any CPU
		Release|Any CPU = Release|Any CPU
	EndGlobalSection
	GlobalSection(ProjectConfigurationPlatforms) = postSolution
		{B1300428-4A76-4DCB-AB96-64B1E6F97AEE}.Debug|Any CPU.ActiveCfg = Debug|Any CPU
		{B1300428-4A76-4DCB-AB96-64B1E6F97AEE}.Debug|Any CPU.Build.0 = Debug|Any CPU
		{B1300428-4A76-4DCB-AB96-64B1E6F97AEE}.Release|Any CPU.ActiveCfg = Release|Any CPU
		{B1300428-4A76-4DCB-AB96-64B1E6F97AEE}.Release|Any CPU.Build.0 = Release|Any CPU
		{152CFA9B-F4B9-4368-BD53-D9F44DBB7223}.Debug|Any CPU.ActiveCfg = Debug|Any CPU
		{152CFA9B-F4B9-4368-BD53-D9F44DBB7223}.Debug|Any CPU.Build.0 = Debug|Any CPU
		{152CFA9B-F4B9-4368-BD53-D9F44DBB7223}.Release|Any CPU.ActiveCfg = Release|Any CPU
		{152CFA9B-F4B9-4368-BD53-D9F44DBB7223}.Release|Any CPU.Build.0 = Release|Any CPU
		{3B1F76E7-012A-42D9-B555-0168F296BF7B}.Debug|Any CPU.ActiveCfg = Debug|Any CPU
		{3B1F76E7-012A-42D9-B555-0168F296BF7B}.Debug|Any CPU.Build.0 = Debug|Any CPU
		{3B1F76E7-012A-42D9-B555-0168F296BF7B}.Release|Any CPU.ActiveCfg = Release|Any CPU
		{3B1F76E7-012A-42D9-B555-0168F296BF7B}.Release|Any CPU.Build.0 = Release|Any CPU
		{6184B73A-CB68-4A1C-8466-4E53F6CDE40C}.Debug|Any CPU.ActiveCfg = Debug|Any CPU
		{6184B73A-CB68-4A1C-8466-4E53F6CDE40C}.Debug|Any CPU.Build.0 = Debug|Any CPU
		{6184B73A-CB68-4A1C-8466-4E53F6CDE40C}.Release|Any CPU.ActiveCfg = Release|Any CPU
		{6184B73A-CB68-4A1C-8466-4E53F6CDE40C}.Release|Any CPU.Build.0 = Release|Any CPU
		{793B4834-5B10-4F31-9AC6-068EE7A09A45}.Debug|Any CPU.ActiveCfg = Debug|Any CPU
		{793B4834-5B10-4F31-9AC6-068EE7A09A45}.Debug|Any CPU.Build.0 = Debug|Any CPU
		{793B4834-5B10-4F31-9AC6-068EE7A09A45}.Release|Any CPU.ActiveCfg = Release|Any CPU
		{793B4834-5B10-4F31-9AC6-068EE7A09A45}.Release|Any CPU.Build.0 = Release|Any CPU
		{FAAF7581-BAE9-4F2F-A6BF-C7308E193C92}.Debug|Any CPU.ActiveCfg = Debug|Any CPU
		{FAAF7581-BAE9-4F2F-A6BF-C7308E193C92}.Debug|Any CPU.Build.0 = Debug|Any CPU
		{FAAF7581-BAE9-4F2F-A6BF-C7308E193C92}.Release|Any CPU.ActiveCfg = Release|Any CPU
		{FAAF7581-BAE9-4F2F-A6BF-C7308E193C92}.Release|Any CPU.Build.0 = Release|Any CPU
	EndGlobalSection
	GlobalSection(SolutionProperties) = preSolution
		HideSolutionNode = FALSE
	EndGlobalSection
	GlobalSection(ExtensibilityGlobals) = postSolution
		SolutionGuid = {FA620AAA-0F0B-423C-9A01-3D1A200A3223}
	EndGlobalSection
EndGlobal
